# This file is automatically @generated by Wally.
# It is not intended for manual editing.
registry = "test"

[[package]]
name = "maksi/luauscript"
version = "0.1.0"
dependencies = [["tableutil", "siidecode/tableutil@1.0.0"]]

[[package]]
name = "siidecode/tableutil"
version = "1.0.0"
dependencies = []
